
Microsoft Visual Studio Solution File, Format Version 12.00
# Visual Studio Version 17
VisualStudioVersion = 17.5.33516.290
MinimumVisualStudioVersion = 10.0.40219.1
Project("{FAE04EC0-301F-11D3-BF4B-00C04F79EFBC}") = "WindowsFormsApp6", "WindowsFormsApp6\WindowsFormsApp6.csproj", "{51254D15-7643-4102-BCE4-3AC893B15005}"
EndProject
Global
	GlobalSection(SolutionConfigurationPlatforms) = preSolution
		Debug|Any CPU = Debug|Any CPU
		Release|Any CPU = Release|Any CPU
	EndGlobalSection
	GlobalSection(ProjectConfigurationPlatforms) = postSolution
		{51254D15-7643-4102-BCE4-3AC893B15005}.Debug|Any CPU.ActiveCfg = Debug|Any CPU
		{51254D15-7643-4102-BCE4-3AC893B15005}.Debug|Any CPU.Build.0 = Debug|Any CPU
		{51254D15-7643-4102-BCE4-3AC893B15005}.Release|Any CPU.ActiveCfg = Release|Any CPU
		{51254D15-7643-4102-BCE4-3AC893B15005}.Release|Any CPU.Build.0 = Release|Any CPU
	EndGlobalSection
	GlobalSection(SolutionProperties) = preSolution
		HideSolutionNode = FALSE
	EndGlobalSection
	GlobalSection(ExtensibilityGlobals) = postSolution
		SolutionGuid = {5BEF2564-9E93-4F20-8D2A-CECBB7A83171}
	EndGlobalSection
EndGlobal
